<?xml version="1.0" encoding="utf-8"?>
<Project ToolsVersion="4.0" xmlns="http://schemas.microsoft.com/developer/msbuild/2003">
  <ItemGroup>
    <Filter Include="Archivos de origen">
      <UniqueIdentifier>{4FC737F1-C7A5-4376-A066-2A32D752A2FF}</UniqueIdentifier>
      <Extensions>cpp;c;cc;cxx;c++;cppm;ixx;def;odl;idl;hpj;bat;asm;asmx</Extensions>
    </Filter>
    <Filter Include="Archivos de encabezado">
      <UniqueIdentifier>{93995380-89BD-4b04-88EB-625FBE52EBFB}</UniqueIdentifier>
      <Extensions>h;hh;hpp;hxx;h++;hm;inl;inc;ipp;xsd</Extensions>
    </Filter>
    <Filter Include="Archivos de recursos">
      <UniqueIdentifier>{67DA6AB6-F800-4c08-8B7A-83BB121AAD01}</UniqueIdentifier>
      <Extensions>rc;ico;cur;bmp;dlg;rc2;rct;bin;rgs;gif;jpg;jpeg;jpe;resx;tiff;tif;png;wav;mfcribbon-ms</Extensions>
    </Filter>
  </ItemGroup>
  <ItemGroup>
    <ClCompile Include="account_component\application\useCases\transfer\transfer_useCase.cpp">
      <Filter>Archivos de origen</Filter>
    </ClCompile>
    <ClCompile Include="account_component\application\useCases\withdraw\withdraw_useCase.cpp">
      <Filter>Archivos de origen</Filter>
    </ClCompile>
    <ClCompile Include="account_component\entity\account.cpp">
      <Filter>Archivos de origen</Filter>
    </ClCompile>
    <ClCompile Include="account_component\infrastructure\loggers\transaction_logger.cpp">
      <Filter>Archivos de origen</Filter>
    </ClCompile>
    <ClCompile Include="account_component\infrastructure\repository\create_account\create_account.cpp">
      <Filter>Archivos de origen</Filter>
    </ClCompile>
    <ClCompile Include="account_component\infrastructure\repository\delete_account\delete_account.cpp">
      <Filter>Archivos de origen</Filter>
    </ClCompile>
    <ClCompile Include="account_component\infrastructure\repository\search_account\search_account.cpp">
      <Filter>Archivos de origen</Filter>
    </ClCompile>
    <ClCompile Include="account_component\infrastructure\repository\update_account\update_account.cpp">
      <Filter>Archivos de origen</Filter>
    </ClCompile>
    <ClCompile Include="ATM_component\features\auth\login\controller\login_controller.cpp">
      <Filter>Archivos de origen</Filter>
    </ClCompile>
    <ClCompile Include="ATM_component\features\auth\login\presenter\login_presenter.cpp">
      <Filter>Archivos de origen</Filter>
    </ClCompile>
    <ClCompile Include="ATM_component\features\auth\login\usecases\login_useCase.cpp">
      <Filter>Archivos de origen</Filter>
    </ClCompile>
    <ClCompile Include="ATM_component\features\auth\login\view\login_view.cpp">
      <Filter>Archivos de origen</Filter>
    </ClCompile>
    <ClCompile Include="ATM_component\features\auth\logout\controller\logout_controller.cpp">
      <Filter>Archivos de origen</Filter>
    </ClCompile>
    <ClCompile Include="ATM_component\features\auth\logout\presenter\logout_presenter.cpp">
      <Filter>Archivos de origen</Filter>
    </ClCompile>
    <ClCompile Include="ATM_component\features\auth\logout\view\logout_view.cpp">
      <Filter>Archivos de origen</Filter>
    </ClCompile>
    <ClCompile Include="ATM_component\features\check_balance\presenter\check_balance_presenter.cpp">
      <Filter>Archivos de origen</Filter>
    </ClCompile>
    <ClCompile Include="ATM_component\features\check_balance\view\check_balance_view.cpp">
      <Filter>Archivos de origen</Filter>
    </ClCompile>
    <ClCompile Include="ATM_component\features\main_menu\controller\main_menu_controller.cpp">
      <Filter>Archivos de origen</Filter>
    </ClCompile>
    <ClCompile Include="ATM_component\features\main_menu\presenter\main_menu_presenter.cpp">
      <Filter>Archivos de origen</Filter>
    </ClCompile>
    <ClCompile Include="ATM_component\features\main_menu\view\main_menu_view.cpp">
      <Filter>Archivos de origen</Filter>
    </ClCompile>
    <ClCompile Include="ATM_component\features\transactions\deposit\controller\deposit_controller.cpp">
      <Filter>Archivos de origen</Filter>
    </ClCompile>
    <ClCompile Include="ATM_component\features\transactions\deposit\presenter\deposit_presenter.cpp">
      <Filter>Archivos de origen</Filter>
    </ClCompile>
    <ClCompile Include="ATM_component\features\transactions\deposit\view\deposit_view.cpp">
      <Filter>Archivos de origen</Filter>
    </ClCompile>
    <ClCompile Include="ATM_component\features\transactions\quick_withdraw\controller\quick_withdraw_controller.cpp">
      <Filter>Archivos de origen</Filter>
    </ClCompile>
    <ClCompile Include="ATM_component\features\transactions\quick_withdraw\presenter\quick_withdraw_presenter.cpp">
      <Filter>Archivos de origen</Filter>
    </ClCompile>
    <ClCompile Include="ATM_component\features\transactions\quick_withdraw\view\quick_withdraw_view.cpp">
      <Filter>Archivos de origen</Filter>
    </ClCompile>
    <ClCompile Include="ATM_component\features\transactions\transfer\controller\transfer_controller.cpp">
      <Filter>Archivos de origen</Filter>
    </ClCompile>
    <ClCompile Include="ATM_component\features\transactions\transfer\presenter\transfer_presenter.cpp">
      <Filter>Archivos de origen</Filter>
    </ClCompile>
    <ClCompile Include="ATM_component\features\transactions\transfer\view\transfer_view.cpp">
      <Filter>Archivos de origen</Filter>
    </ClCompile>
    <ClCompile Include="ATM_component\features\transactions\withdraw\controller\withdraw_controller.cpp">
      <Filter>Archivos de origen</Filter>
    </ClCompile>
    <ClCompile Include="ATM_component\features\transactions\withdraw\presenter\withdraw_presenter.cpp">
      <Filter>Archivos de origen</Filter>
    </ClCompile>
    <ClCompile Include="ATM_component\features\transactions\withdraw\view\withdraw_view.cpp">
      <Filter>Archivos de origen</Filter>
    </ClCompile>
    <ClCompile Include="ATM_component\ui_utils\ui_utils.cpp">
      <Filter>Archivos de origen</Filter>
    </ClCompile>
    <ClCompile Include="Bank-System.cpp">
      <Filter>Archivos de origen</Filter>
    </ClCompile>
    <ClCompile Include="core_library\input_validation\input_validation.cpp">
      <Filter>Archivos de origen</Filter>
    </ClCompile>
    <ClCompile Include="**\*.cpp">
      <Filter>Archivos de origen</Filter>
    </ClCompile>
    <ClCompile Include="**\*.cpp">
      <Filter>Archivos de origen</Filter>
    </ClCompile>
    <ClCompile Include="**\*.cpp">
      <Filter>Archivos de origen</Filter>
    </ClCompile>
    <ClCompile Include="**\*.cpp">
      <Filter>Archivos de origen</Filter>
    </ClCompile>
    <ClCompile Include="**\*.cpp">
      <Filter>Archivos de origen</Filter>
    </ClCompile>
    <ClCompile Include="**\*.cpp">
      <Filter>Archivos de origen</Filter>
    </ClCompile>
    <ClCompile Include="**\*.cpp">
      <Filter>Archivos de origen</Filter>
    </ClCompile>
    <ClCompile Include="**\*.cpp">
      <Filter>Archivos de origen</Filter>
    </ClCompile>
    <ClCompile Include="**\*.cpp">
      <Filter>Archivos de origen</Filter>
    </ClCompile>
    <ClCompile Include="**\*.cpp">
      <Filter>Archivos de origen</Filter>
    </ClCompile>
    <ClCompile Include="**\*.cpp">
      <Filter>Archivos de origen</Filter>
    </ClCompile>
    <ClCompile Include="**\*.cpp">
      <Filter>Archivos de origen</Filter>
    </ClCompile>
    <ClCompile Include="**\*.cpp">
      <Filter>Archivos de origen</Filter>
    </ClCompile>
    <ClCompile Include="**\*.cpp">
      <Filter>Archivos de origen</Filter>
    </ClCompile>
    <ClCompile Include="**\*.cpp">
      <Filter>Archivos de origen</Filter>
    </ClCompile>
    <ClCompile Include="**\*.cpp">
      <Filter>Archivos de origen</Filter>
    </ClCompile>
    <ClCompile Include="**\*.cpp">
      <Filter>Archivos de origen</Filter>
    </ClCompile>
    <ClCompile Include="**\*.cpp">
      <Filter>Archivos de origen</Filter>
    </ClCompile>
    <ClCompile Include="**\*.cpp">
      <Filter>Archivos de origen</Filter>
    </ClCompile>
    <ClCompile Include="**\*.cpp">
      <Filter>Archivos de origen</Filter>
    </ClCompile>
    <ClCompile Include="**\*.cpp">
      <Filter>Archivos de origen</Filter>
    </ClCompile>
    <ClCompile Include="**\*.cpp">
      <Filter>Archivos de origen</Filter>
    </ClCompile>
    <ClCompile Include="**\*.cpp">
      <Filter>Archivos de origen</Filter>
    </ClCompile>
    <ClCompile Include="**\*.cpp">
      <Filter>Archivos de origen</Filter>
    </ClCompile>
    <ClCompile Include="**\*.cpp">
      <Filter>Archivos de origen</Filter>
    </ClCompile>
    <ClCompile Include="**\*.cpp">
      <Filter>Archivos de origen</Filter>
    </ClCompile>
    <ClCompile Include="**\*.cpp">
      <Filter>Archivos de origen</Filter>
    </ClCompile>
    <ClCompile Include="**\*.cpp">
      <Filter>Archivos de origen</Filter>
    </ClCompile>
    <ClCompile Include="**\*.cpp">
      <Filter>Archivos de origen</Filter>
    </ClCompile>
    <ClCompile Include="**\*.cpp">
      <Filter>Archivos de origen</Filter>
    </ClCompile>
    <ClCompile Include="**\*.cpp">
      <Filter>Archivos de origen</Filter>
    </ClCompile>
    <ClCompile Include="**\*.cpp">
      <Filter>Archivos de origen</Filter>
    </ClCompile>
    <ClCompile Include="**\*.cpp">
      <Filter>Archivos de origen</Filter>
    </ClCompile>
    <ClCompile Include="**\*.cpp">
      <Filter>Archivos de origen</Filter>
    </ClCompile>
    <ClCompile Include="**\*.cpp">
      <Filter>Archivos de origen</Filter>
    </ClCompile>
    <ClCompile Include="**\*.cpp">
      <Filter>Archivos de origen</Filter>
    </ClCompile>
    <ClCompile Include="account_component\application\useCases\deposit\deposit_useCase.cpp">
      <Filter>Archivos de origen</Filter>
    </ClCompile>
    <ClCompile Include="account_component\application\useCases\transfer\transfer_useCase.cpp">
      <Filter>Archivos de origen</Filter>
    </ClCompile>
    <ClCompile Include="account_component\application\useCases\withdraw\withdraw_useCase.cpp">
      <Filter>Archivos de origen</Filter>
    </ClCompile>
    <ClCompile Include="account_component\entity\account.cpp">
      <Filter>Archivos de origen</Filter>
    </ClCompile>
    <ClCompile Include="account_component\infrastructure\loggers\transaction_logger.cpp">
      <Filter>Archivos de origen</Filter>
    </ClCompile>
    <ClCompile Include="account_component\infrastructure\repository\create_account\create_account.cpp">
      <Filter>Archivos de origen</Filter>
    </ClCompile>
    <ClCompile Include="account_component\infrastructure\repository\delete_account\delete_account.cpp">
      <Filter>Archivos de origen</Filter>
    </ClCompile>
    <ClCompile Include="account_component\infrastructure\repository\search_account\search_account.cpp">
      <Filter>Archivos de origen</Filter>
    </ClCompile>
    <ClCompile Include="account_component\infrastructure\repository\update_account\update_account.cpp">
      <Filter>Archivos de origen</Filter>
    </ClCompile>
    <ClCompile Include="ATM_component\features\auth\login\controller\login_controller.cpp">
      <Filter>Archivos de origen</Filter>
    </ClCompile>
    <ClCompile Include="ATM_component\features\auth\login\presenter\login_presenter.cpp">
      <Filter>Archivos de origen</Filter>
    </ClCompile>
    <ClCompile Include="ATM_component\features\auth\login\view\login_view.cpp">
      <Filter>Archivos de origen</Filter>
    </ClCompile>
    <ClCompile Include="ATM_component\features\auth\logout\controller\logout_controller.cpp">
      <Filter>Archivos de origen</Filter>
    </ClCompile>
    <ClCompile Include="ATM_component\features\auth\logout\presenter\logout_presenter.cpp">
      <Filter>Archivos de origen</Filter>
    </ClCompile>
    <ClCompile Include="ATM_component\features\auth\logout\view\logout_view.cpp">
      <Filter>Archivos de origen</Filter>
    </ClCompile>
    <ClCompile Include="ATM_component\features\check_balance\presenter\check_balance_presenter.cpp">
      <Filter>Archivos de origen</Filter>
    </ClCompile>
    <ClCompile Include="ATM_component\features\check_balance\view\check_balance_view.cpp">
      <Filter>Archivos de origen</Filter>
    </ClCompile>
    <ClCompile Include="ATM_component\features\main_menu\controller\main_menu_controller.cpp">
      <Filter>Archivos de origen</Filter>
    </ClCompile>
    <ClCompile Include="ATM_component\features\main_menu\presenter\main_menu_presenter.cpp">
      <Filter>Archivos de origen</Filter>
    </ClCompile>
    <ClCompile Include="ATM_component\features\main_menu\view\main_menu_view.cpp">
      <Filter>Archivos de origen</Filter>
    </ClCompile>
    <ClCompile Include="ATM_component\features\transactions\deposit\controller\deposit_controller.cpp">
      <Filter>Archivos de origen</Filter>
    </ClCompile>
    <ClCompile Include="ATM_component\features\transactions\deposit\presenter\deposit_presenter.cpp">
      <Filter>Archivos de origen</Filter>
    </ClCompile>
    <ClCompile Include="ATM_component\features\transactions\deposit\view\deposit_view.cpp">
      <Filter>Archivos de origen</Filter>
    </ClCompile>
    <ClCompile Include="ATM_component\features\transactions\quick_withdraw\controller\quick_withdraw_controller.cpp">
      <Filter>Archivos de origen</Filter>
    </ClCompile>
    <ClCompile Include="ATM_component\features\transactions\quick_withdraw\presenter\quick_withdraw_presenter.cpp">
      <Filter>Archivos de origen</Filter>
    </ClCompile>
    <ClCompile Include="ATM_component\features\transactions\quick_withdraw\view\quick_withdraw_view.cpp">
      <Filter>Archivos de origen</Filter>
    </ClCompile>
    <ClCompile Include="ATM_component\features\transactions\transfer\controller\transfer_controller.cpp">
      <Filter>Archivos de origen</Filter>
    </ClCompile>
    <ClCompile Include="ATM_component\features\transactions\transfer\presenter\transfer_presenter.cpp">
      <Filter>Archivos de origen</Filter>
    </ClCompile>
    <ClCompile Include="ATM_component\features\transactions\transfer\view\transfer_view.cpp">
      <Filter>Archivos de origen</Filter>
    </ClCompile>
    <ClCompile Include="ATM_component\features\transactions\withdraw\controller\withdraw_controller.cpp">
      <Filter>Archivos de origen</Filter>
    </ClCompile>
    <ClCompile Include="ATM_component\features\transactions\withdraw\presenter\withdraw_presenter.cpp">
      <Filter>Archivos de origen</Filter>
    </ClCompile>
    <ClCompile Include="ATM_component\features\transactions\withdraw\view\withdraw_view.cpp">
      <Filter>Archivos de origen</Filter>
    </ClCompile>
    <ClCompile Include="ATM_component\ui_utils\ui_utils.cpp">
      <Filter>Archivos de origen</Filter>
    </ClCompile>
    <ClCompile Include="Bank-System.cpp">
      <Filter>Archivos de origen</Filter>
    </ClCompile>
    <ClCompile Include="core_library\input_validation\input_validation.cpp">
      <Filter>Archivos de origen</Filter>
    </ClCompile>
    <ClCompile Include="ATM_component\features\auth\login\usecases\login_useCase.cpp">
      <Filter>Archivos de origen</Filter>
    </ClCompile>
    <ClCompile Include="ATM_component\shared\navigation_utils\navigation_utils.cpp">
      <Filter>Archivos de origen</Filter>
    </ClCompile>
  </ItemGroup>
  <ItemGroup>
    <ClInclude Include="ATM_component\ATM_gateway\ATM_gateway.hpp">
      <Filter>Archivos de encabezado</Filter>
    </ClInclude>
    <ClInclude Include="ATM_component\features\transactions\types\transaction_result.hpp">
      <Filter>Archivos de encabezado</Filter>
    </ClInclude>
    <ClInclude Include="ATM_component\features\transactions\quick_withdraw\view\quick_withdraw_view.hpp">
      <Filter>Archivos de encabezado</Filter>
    </ClInclude>
    <ClInclude Include="account_component\application\interfaces\IAccountRepository\repo_interface.hpp">
      <Filter>Archivos de encabezado</Filter>
    </ClInclude>
    <ClInclude Include="account_component\application\useCases\deposit\deposit_useCase.hpp">
      <Filter>Archivos de encabezado</Filter>
    </ClInclude>
    <ClInclude Include="account_component\application\useCases\login\login_useCase.hpp">
      <Filter>Archivos de encabezado</Filter>
    </ClInclude>
    <ClInclude Include="account_component\application\useCases\transfer\transfer_useCase.hpp">
      <Filter>Archivos de encabezado</Filter>
    </ClInclude>
    <ClInclude Include="account_component\application\useCases\withdraw\withdraw_useCase.hpp">
      <Filter>Archivos de encabezado</Filter>
    </ClInclude>
    <ClInclude Include="account_component\entity\account.hpp">
      <Filter>Archivos de encabezado</Filter>
    </ClInclude>
    <ClInclude Include="account_component\infrastructure\repository\create_account\create_account.hpp">
      <Filter>Archivos de encabezado</Filter>
    </ClInclude>
    <ClInclude Include="account_component\infrastructure\repository\delete_account\delete_account.hpp">
      <Filter>Archivos de encabezado</Filter>
    </ClInclude>
    <ClInclude Include="account_component\infrastructure\repository\search_account\search_account.hpp">
      <Filter>Archivos de encabezado</Filter>
    </ClInclude>
    <ClInclude Include="account_component\infrastructure\repository\update_account\update_account.hpp">
      <Filter>Archivos de encabezado</Filter>
    </ClInclude>
    <ClInclude Include="ATM_component\features\auth\login\controller\login_controller.hpp">
      <Filter>Archivos de encabezado</Filter>
    </ClInclude>
    <ClInclude Include="ATM_component\features\auth\login\presenter\login_presenter.hpp">
      <Filter>Archivos de encabezado</Filter>
    </ClInclude>
    <ClInclude Include="ATM_component\features\auth\login\view\login_view.hpp">
      <Filter>Archivos de encabezado</Filter>
    </ClInclude>
    <ClInclude Include="ATM_component\features\auth\logout\controller\logout_controller.hpp">
      <Filter>Archivos de encabezado</Filter>
    </ClInclude>
    <ClInclude Include="ATM_component\features\auth\logout\presenter\logout_presenter.hpp">
      <Filter>Archivos de encabezado</Filter>
    </ClInclude>
    <ClInclude Include="ATM_component\features\auth\logout\view\logout_view.hpp">
      <Filter>Archivos de encabezado</Filter>
    </ClInclude>
    <ClInclude Include="ATM_component\features\check_balance\presenter\check_balance_presenter.hpp">
      <Filter>Archivos de encabezado</Filter>
    </ClInclude>
    <ClInclude Include="ATM_component\features\check_balance\view\check_balance_view.hpp">
      <Filter>Archivos de encabezado</Filter>
    </ClInclude>
    <ClInclude Include="ATM_component\features\main_menu\controller\main_menu_controller.hpp">
      <Filter>Archivos de encabezado</Filter>
    </ClInclude>
    <ClInclude Include="ATM_component\features\main_menu\presenter\main_menu_presenter.hpp">
      <Filter>Archivos de encabezado</Filter>
    </ClInclude>
    <ClInclude Include="ATM_component\features\main_menu\types\main_menu_options.hpp">
      <Filter>Archivos de encabezado</Filter>
    </ClInclude>
    <ClInclude Include="ATM_component\features\main_menu\view\main_menu_view.hpp">
      <Filter>Archivos de encabezado</Filter>
    </ClInclude>
    <ClInclude Include="ATM_component\features\transactions\deposit\controller\deposit_controller.hpp">
      <Filter>Archivos de encabezado</Filter>
    </ClInclude>
    <ClInclude Include="ATM_component\features\transactions\deposit\presenter\deposit_presenter.hpp">
      <Filter>Archivos de encabezado</Filter>
    </ClInclude>
    <ClInclude Include="ATM_component\features\transactions\deposit\view\deposit_view.hpp">
      <Filter>Archivos de encabezado</Filter>
    </ClInclude>
    <ClInclude Include="ATM_component\features\transactions\quick_withdraw\controller\quick_withdraw_controller.hpp">
      <Filter>Archivos de encabezado</Filter>
    </ClInclude>
    <ClInclude Include="ATM_component\features\transactions\quick_withdraw\presenter\quick_withdraw_presenter.hpp">
      <Filter>Archivos de encabezado</Filter>
    </ClInclude>
    <ClInclude Include="ATM_component\features\transactions\quick_withdraw\types\quick_withdraw_options.hpp">
      <Filter>Archivos de encabezado</Filter>
    </ClInclude>
    <ClInclude Include="ATM_component\features\transactions\transfer\controller\transfer_controller.hpp">
      <Filter>Archivos de encabezado</Filter>
    </ClInclude>
    <ClInclude Include="ATM_component\features\transactions\transfer\presenter\transfer_presenter.hpp">
      <Filter>Archivos de encabezado</Filter>
    </ClInclude>
    <ClInclude Include="ATM_component\features\transactions\transfer\view\transfer_view.hpp">
      <Filter>Archivos de encabezado</Filter>
    </ClInclude>
    <ClInclude Include="ATM_component\features\transactions\types\transaction_types.hpp">
      <Filter>Archivos de encabezado</Filter>
    </ClInclude>
    <ClInclude Include="ATM_component\features\transactions\withdraw\controller\withdraw_controller.hpp">
      <Filter>Archivos de encabezado</Filter>
    </ClInclude>
    <ClInclude Include="ATM_component\features\transactions\withdraw\presenter\withdraw_presenter.hpp">
      <Filter>Archivos de encabezado</Filter>
    </ClInclude>
    <ClInclude Include="ATM_component\features\transactions\withdraw\view\withdraw_view.hpp">
      <Filter>Archivos de encabezado</Filter>
    </ClInclude>
    <ClInclude Include="ATM_component\session\session_manager.hpp">
      <Filter>Archivos de encabezado</Filter>
    </ClInclude>
    <ClInclude Include="ATM_component\shared\base_view.hpp">
      <Filter>Archivos de encabezado</Filter>
    </ClInclude>
    <ClInclude Include="ATM_component\ui_utils\ui_utils.hpp">
      <Filter>Archivos de encabezado</Filter>
    </ClInclude>
    <ClInclude Include="core_library\input_validation\input_validation.hpp">
      <Filter>Archivos de encabezado</Filter>
    </ClInclude>
    <ClInclude Include="core_library\types\operation_result.hpp">
      <Filter>Archivos de encabezado</Filter>
    </ClInclude>
    <ClInclude Include="ATM_component\features\auth\login\types\login_input.hpp">
      <Filter>Archivos de encabezado</Filter>
    </ClInclude>
    <ClInclude Include="ATM_component\features\auth\login\types\login_result.hpp">
      <Filter>Archivos de encabezado</Filter>
    </ClInclude>
    <ClInclude Include="ATM_component\features\auth\login\usecases\login_useCase.hpp">
      <Filter>Archivos de encabezado</Filter>
    </ClInclude>
    <ClInclude Include="ATM_component\shared\navigation_utils\navigation_utils.hpp">
      <Filter>Archivos de encabezado</Filter>
    </ClInclude>
  </ItemGroup>
  <ItemGroup>
    <None Include="account_component\infrastructure\database\accounts.csv" />
  </ItemGroup>
</Project>